
Microsoft Visual Studio Solution File, Format Version 12.00
# Visual Studio Version 17
VisualStudioVersion = 17.9.34728.123
MinimumVisualStudioVersion = 10.0.40219.1
Project("{8BC9CEB8-8B4A-11D0-8D11-00A0C91BC942}") = "ParaTask", "ParaTask.vcxproj", "{248BF446-CF80-4F3B-BC1D-843F6C61CED5}"
EndProject
Global
	GlobalSection(SolutionConfigurationPlatforms) = preSolution
		Debug|x64 = Debug|x64
		Debug|x86 = Debug|x86
		Release|x64 = Release|x64
		Release|x86 = Release|x86
	EndGlobalSection
	GlobalSection(ProjectConfigurationPlatforms) = postSolution
		{248BF446-CF80-4F3B-BC1D-843F6C61CED5}.Debug|x64.ActiveCfg = Debug|x64
		{248BF446-CF80-4F3B-BC1D-843F6C61CED5}.Debug|x64.Build.0 = Debug|x64
		{248BF446-CF80-4F3B-BC1D-843F6C61CED5}.Debug|x86.ActiveCfg = Debug|Win32
		{248BF446-CF80-4F3B-BC1D-843F6C61CED5}.Debug|x86.Build.0 = Debug|Win32
		{248BF446-CF80-4F3B-BC1D-843F6C61CED5}.Release|x64.ActiveCfg = Release|x64
		{248BF446-CF80-4F3B-BC1D-843F6C61CED5}.Release|x64.Build.0 = Release|x64
		{248BF446-CF80-4F3B-BC1D-843F6C61CED5}.Release|x86.ActiveCfg = Release|Win32
		{248BF446-CF80-4F3B-BC1D-843F6C61CED5}.Release|x86.Build.0 = Release|Win32
	EndGlobalSection
	GlobalSection(SolutionProperties) = preSolution
		HideSolutionNode = FALSE
	EndGlobalSection
	GlobalSection(ExtensibilityGlobals) = postSolution
		SolutionGuid = {66104A4D-EC80-4BCD-8380-804D4F6C0C60}
	EndGlobalSection
EndGlobal
